<?xml version="1.0" encoding="utf-8"?>
<Project ToolsVersion="4.0" xmlns="http://schemas.microsoft.com/developer/msbuild/2003">
  <ItemGroup>
    <Filter Include="Source Files">
      <UniqueIdentifier>{4FC737F1-C7A5-4376-A066-2A32D752A2FF}</UniqueIdentifier>
      <Extensions>cpp;c;cc;cxx;def;odl;idl;hpj;bat;asm;asmx</Extensions>
    </Filter>
    <Filter Include="Header Files">
      <UniqueIdentifier>{93995380-89BD-4b04-88EB-625FBE52EBFB}</UniqueIdentifier>
      <Extensions>h;hh;hpp;hxx;hm;inl;inc;ipp;xsd</Extensions>
    </Filter>
    <Filter Include="Resource Files">
      <UniqueIdentifier>{67DA6AB6-F800-4c08-8B7A-83BB121AAD01}</UniqueIdentifier>
      <Extensions>rc;ico;cur;bmp;dlg;rc2;rct;bin;rgs;gif;jpg;jpeg;jpe;resx;tiff;tif;png;wav;mfcribbon-ms</Extensions>
    </Filter>
  </ItemGroup>
  <ItemGroup>
    <ClCompile Include="src\main.cpp">
      <Filter>Source Files</Filter>
    </ClCompile>
    <ClCompile Include="src\nes\cartridge\mappers\mapper_000.cpp">
      <Filter>Source Files</Filter>
    </ClCompile>
    <ClCompile Include="src\nes\cartridge\mappers\mapper_001.cpp">
      <Filter>Source Files</Filter>
    </ClCompile>
    <ClCompile Include="src\nes\cartridge\mappers\mapper_factory.cpp">
      <Filter>Source Files</Filter>
    </ClCompile>
    <ClCompile Include="src\nes\cartridge\cartridge.cpp">
      <Filter>Source Files</Filter>
    </ClCompile>
    <ClCompile Include="src\nes\utils\ines_parser.cpp">
      <Filter>Source Files</Filter>
    </ClCompile>
    <ClCompile Include="src\nes\cpu.cpp">
      <Filter>Source Files</Filter>
    </ClCompile>
    <ClCompile Include="src\nes\ppu.cpp">
      <Filter>Source Files</Filter>
    </ClCompile>
    <ClCompile Include="src\nes\interrupt_bus.cpp">
      <Filter>Source Files</Filter>
    </ClCompile>
    <ClCompile Include="src\nes\cpu_bus.cpp">
      <Filter>Source Files</Filter>
    </ClCompile>
    <ClCompile Include="src\nes\palette.cpp">
      <Filter>Source Files</Filter>
    </ClCompile>
    <ClCompile Include="src\nes\ppu_bus.cpp">
      <Filter>Source Files</Filter>
    </ClCompile>
  </ItemGroup>
  <ItemGroup>
    <ClInclude Include="include\nes\cartridge\mappers\mapper.h">
      <Filter>Header Files</Filter>
    </ClInclude>
    <ClInclude Include="include\nes\cartridge\mappers\mapper_000.h">
      <Filter>Header Files</Filter>
    </ClInclude>
    <ClInclude Include="include\nes\cartridge\mappers\mapper_001.h">
      <Filter>Header Files</Filter>
    </ClInclude>
    <ClInclude Include="include\nes\cartridge\mappers\mapper_factory.h">
      <Filter>Header Files</Filter>
    </ClInclude>
    <ClInclude Include="include\nes\cartridge\cartridge.h">
      <Filter>Header Files</Filter>
    </ClInclude>
    <ClInclude Include="include\nes\utils\ines_parser.h">
      <Filter>Header Files</Filter>
    </ClInclude>
    <ClInclude Include="include\nes\cpu.h">
      <Filter>Header Files</Filter>
    </ClInclude>
    <ClInclude Include="include\nes\ppu.h">
      <Filter>Header Files</Filter>
    </ClInclude>
    <ClInclude Include="include\nes\common\globals.h">
      <Filter>Header Files</Filter>
    </ClInclude>
    <ClInclude Include="include\nes\interrupt_bus.h">
      <Filter>Header Files</Filter>
    </ClInclude>
    <ClInclude Include="include\nes\cpu_bus.h">
      <Filter>Header Files</Filter>
    </ClInclude>
    <ClInclude Include="include\nes\palette.h">
      <Filter>Header Files</Filter>
    </ClInclude>
    <ClInclude Include="include\nes\ppu_bus.h">
      <Filter>Header Files</Filter>
    </ClInclude>
  </ItemGroup>
</Project>